// !$*UTF8*$!
{
	archiveVersion = 1;
	classes = {
	};
	objectVersion = 46;
	objects = {

/* Begin PBXBuildFile section */
		5A2A76221BE9BA7F00C5FD2F /* main.m in Sources */ = {isa = PBXBuildFile; fileRef = 5A2A76211BE9BA7F00C5FD2F /* main.m */; };
		5A2A76251BE9BA7F00C5FD2F /* AppDelegate.m in Sources */ = {isa = PBXBuildFile; fileRef = 5A2A76241BE9BA7F00C5FD2F /* AppDelegate.m */; };
		5A2A762B1BE9BA7F00C5FD2F /* Main.storyboard in Resources */ = {isa = PBXBuildFile; fileRef = 5A2A76291BE9BA7F00C5FD2F /* Main.storyboard */; };
		5A2A762D1BE9BA7F00C5FD2F /* Assets.xcassets in Resources */ = {isa = PBXBuildFile; fileRef = 5A2A762C1BE9BA7F00C5FD2F /* Assets.xcassets */; };
		5A2A763C1BE9C1FA00C5FD2F /* MainTabBarController.m in Sources */ = {isa = PBXBuildFile; fileRef = 5A2A763B1BE9C1FA00C5FD2F /* MainTabBarController.m */; };
		5A2A763F1BE9C53700C5FD2F /* ViewController1.m in Sources */ = {isa = PBXBuildFile; fileRef = 5A2A763E1BE9C53700C5FD2F /* ViewController1.m */; };
		5A2A76421BE9D28400C5FD2F /* ViewController2.m in Sources */ = {isa = PBXBuildFile; fileRef = 5A2A76411BE9D28400C5FD2F /* ViewController2.m */; };
		5A2A76451BE9D29000C5FD2F /* ViewController3.m in Sources */ = {isa = PBXBuildFile; fileRef = 5A2A76441BE9D29000C5FD2F /* ViewController3.m */; };
		5A2A76481BE9D29A00C5FD2F /* ViewController4.m in Sources */ = {isa = PBXBuildFile; fileRef = 5A2A76471BE9D29A00C5FD2F /* ViewController4.m */; };
		5A2A764B1BE9D2A400C5FD2F /* ViewController5.m in Sources */ = {isa = PBXBuildFile; fileRef = 5A2A764A1BE9D2A400C5FD2F /* ViewController5.m */; };
		5A5C30F61BF048F30047A016 /* PrepareViewController.m in Sources */ = {isa = PBXBuildFile; fileRef = 5A5C30F51BF048F30047A016 /* PrepareViewController.m */; };
		5A5C30F91BF059600047A016 /* LoginViewController.m in Sources */ = {isa = PBXBuildFile; fileRef = 5A5C30F81BF059600047A016 /* LoginViewController.m */; };
		5A5C30FC1BF06F640047A016 /* Register1ViewController.m in Sources */ = {isa = PBXBuildFile; fileRef = 5A5C30FB1BF06F640047A016 /* Register1ViewController.m */; };
		5A5C30FF1BF07AD90047A016 /* Register2ViewController.m in Sources */ = {isa = PBXBuildFile; fileRef = 5A5C30FE1BF07AD90047A016 /* Register2ViewController.m */; };
		5A5C31021BF07FE60047A016 /* Register3ViewController.m in Sources */ = {isa = PBXBuildFile; fileRef = 5A5C31011BF07FE60047A016 /* Register3ViewController.m */; };
		5A5C31051BF085F10047A016 /* ForgetPasswordViewController.m in Sources */ = {isa = PBXBuildFile; fileRef = 5A5C31041BF085F10047A016 /* ForgetPasswordViewController.m */; };
		5A6662151BEB45B9003FEC29 /* JYSlideSegmentController.m in Sources */ = {isa = PBXBuildFile; fileRef = 5A6662141BEB45B9003FEC29 /* JYSlideSegmentController.m */; };
		5A6662181BEB786A003FEC29 /* UserTableViewCell.m in Sources */ = {isa = PBXBuildFile; fileRef = 5A6662171BEB786A003FEC29 /* UserTableViewCell.m */; };
/* End PBXBuildFile section */

/* Begin PBXFileReference section */
		5A2A761D1BE9BA7F00C5FD2F /* ypp.app */ = {isa = PBXFileReference; explicitFileType = wrapper.application; includeInIndex = 0; path = ypp.app; sourceTree = BUILT_PRODUCTS_DIR; };
		5A2A76211BE9BA7F00C5FD2F /* main.m */ = {isa = PBXFileReference; lastKnownFileType = sourcecode.c.objc; path = main.m; sourceTree = "<group>"; };
		5A2A76231BE9BA7F00C5FD2F /* AppDelegate.h */ = {isa = PBXFileReference; lastKnownFileType = sourcecode.c.h; path = AppDelegate.h; sourceTree = "<group>"; };
		5A2A76241BE9BA7F00C5FD2F /* AppDelegate.m */ = {isa = PBXFileReference; lastKnownFileType = sourcecode.c.objc; path = AppDelegate.m; sourceTree = "<group>"; };
		5A2A762A1BE9BA7F00C5FD2F /* Base */ = {isa = PBXFileReference; lastKnownFileType = file.storyboard; name = Base; path = Base.lproj/Main.storyboard; sourceTree = "<group>"; };
		5A2A762C1BE9BA7F00C5FD2F /* Assets.xcassets */ = {isa = PBXFileReference; lastKnownFileType = folder.assetcatalog; path = Assets.xcassets; sourceTree = "<group>"; };
		5A2A76311BE9BA7F00C5FD2F /* Info.plist */ = {isa = PBXFileReference; lastKnownFileType = text.plist.xml; path = Info.plist; sourceTree = "<group>"; };
		5A2A763A1BE9C1FA00C5FD2F /* MainTabBarController.h */ = {isa = PBXFileReference; fileEncoding = 4; lastKnownFileType = sourcecode.c.h; path = MainTabBarController.h; sourceTree = "<group>"; };
		5A2A763B1BE9C1FA00C5FD2F /* MainTabBarController.m */ = {isa = PBXFileReference; fileEncoding = 4; lastKnownFileType = sourcecode.c.objc; path = MainTabBarController.m; sourceTree = "<group>"; };
		5A2A763D1BE9C53700C5FD2F /* ViewController1.h */ = {isa = PBXFileReference; fileEncoding = 4; lastKnownFileType = sourcecode.c.h; path = ViewController1.h; sourceTree = "<group>"; };
		5A2A763E1BE9C53700C5FD2F /* ViewController1.m */ = {isa = PBXFileReference; fileEncoding = 4; lastKnownFileType = sourcecode.c.objc; path = ViewController1.m; sourceTree = "<group>"; };
		5A2A76401BE9D28400C5FD2F /* ViewController2.h */ = {isa = PBXFileReference; fileEncoding = 4; lastKnownFileType = sourcecode.c.h; path = ViewController2.h; sourceTree = "<group>"; };
		5A2A76411BE9D28400C5FD2F /* ViewController2.m */ = {isa = PBXFileReference; fileEncoding = 4; lastKnownFileType = sourcecode.c.objc; path = ViewController2.m; sourceTree = "<group>"; };
		5A2A76431BE9D29000C5FD2F /* ViewController3.h */ = {isa = PBXFileReference; fileEncoding = 4; lastKnownFileType = sourcecode.c.h; path = ViewController3.h; sourceTree = "<group>"; };
		5A2A76441BE9D29000C5FD2F /* ViewController3.m */ = {isa = PBXFileReference; fileEncoding = 4; lastKnownFileType = sourcecode.c.objc; path = ViewController3.m; sourceTree = "<group>"; };
		5A2A76461BE9D29A00C5FD2F /* ViewController4.h */ = {isa = PBXFileReference; fileEncoding = 4; lastKnownFileType = sourcecode.c.h; path = ViewController4.h; sourceTree = "<group>"; };
		5A2A76471BE9D29A00C5FD2F /* ViewController4.m */ = {isa = PBXFileReference; fileEncoding = 4; lastKnownFileType = sourcecode.c.objc; path = ViewController4.m; sourceTree = "<group>"; };
		5A2A76491BE9D2A400C5FD2F /* ViewController5.h */ = {isa = PBXFileReference; fileEncoding = 4; lastKnownFileType = sourcecode.c.h; path = ViewController5.h; sourceTree = "<group>"; };
		5A2A764A1BE9D2A400C5FD2F /* ViewController5.m */ = {isa = PBXFileReference; fileEncoding = 4; lastKnownFileType = sourcecode.c.objc; path = ViewController5.m; sourceTree = "<group>"; };
		5A2A764C1BE9DD0C00C5FD2F /* ypp.pch */ = {isa = PBXFileReference; lastKnownFileType = sourcecode.c.h; path = ypp.pch; sourceTree = "<group>"; };
		5A5C30F41BF048F30047A016 /* PrepareViewController.h */ = {isa = PBXFileReference; fileEncoding = 4; lastKnownFileType = sourcecode.c.h; path = PrepareViewController.h; sourceTree = "<group>"; };
		5A5C30F51BF048F30047A016 /* PrepareViewController.m */ = {isa = PBXFileReference; fileEncoding = 4; lastKnownFileType = sourcecode.c.objc; path = PrepareViewController.m; sourceTree = "<group>"; };
		5A5C30F71BF059600047A016 /* LoginViewController.h */ = {isa = PBXFileReference; fileEncoding = 4; lastKnownFileType = sourcecode.c.h; path = LoginViewController.h; sourceTree = "<group>"; };
		5A5C30F81BF059600047A016 /* LoginViewController.m */ = {isa = PBXFileReference; fileEncoding = 4; lastKnownFileType = sourcecode.c.objc; path = LoginViewController.m; sourceTree = "<group>"; };
		5A5C30FA1BF06F640047A016 /* Register1ViewController.h */ = {isa = PBXFileReference; fileEncoding = 4; lastKnownFileType = sourcecode.c.h; path = Register1ViewController.h; sourceTree = "<group>"; };
		5A5C30FB1BF06F640047A016 /* Register1ViewController.m */ = {isa = PBXFileReference; fileEncoding = 4; lastKnownFileType = sourcecode.c.objc; path = Register1ViewController.m; sourceTree = "<group>"; };
		5A5C30FD1BF07AD90047A016 /* Register2ViewController.h */ = {isa = PBXFileReference; fileEncoding = 4; lastKnownFileType = sourcecode.c.h; path = Register2ViewController.h; sourceTree = "<group>"; };
		5A5C30FE1BF07AD90047A016 /* Register2ViewController.m */ = {isa = PBXFileReference; fileEncoding = 4; lastKnownFileType = sourcecode.c.objc; path = Register2ViewController.m; sourceTree = "<group>"; };
		5A5C31001BF07FE60047A016 /* Register3ViewController.h */ = {isa = PBXFileReference; fileEncoding = 4; lastKnownFileType = sourcecode.c.h; path = Register3ViewController.h; sourceTree = "<group>"; };
		5A5C31011BF07FE60047A016 /* Register3ViewController.m */ = {isa = PBXFileReference; fileEncoding = 4; lastKnownFileType = sourcecode.c.objc; path = Register3ViewController.m; sourceTree = "<group>"; };
		5A5C31031BF085F10047A016 /* ForgetPasswordViewController.h */ = {isa = PBXFileReference; fileEncoding = 4; lastKnownFileType = sourcecode.c.h; path = ForgetPasswordViewController.h; sourceTree = "<group>"; };
		5A5C31041BF085F10047A016 /* ForgetPasswordViewController.m */ = {isa = PBXFileReference; fileEncoding = 4; lastKnownFileType = sourcecode.c.objc; path = ForgetPasswordViewController.m; sourceTree = "<group>"; };
		5A6662131BEB45B9003FEC29 /* JYSlideSegmentController.h */ = {isa = PBXFileReference; fileEncoding = 4; lastKnownFileType = sourcecode.c.h; path = JYSlideSegmentController.h; sourceTree = "<group>"; };
		5A6662141BEB45B9003FEC29 /* JYSlideSegmentController.m */ = {isa = PBXFileReference; fileEncoding = 4; lastKnownFileType = sourcecode.c.objc; path = JYSlideSegmentController.m; sourceTree = "<group>"; };
		5A6662161BEB786A003FEC29 /* UserTableViewCell.h */ = {isa = PBXFileReference; fileEncoding = 4; lastKnownFileType = sourcecode.c.h; path = UserTableViewCell.h; sourceTree = "<group>"; };
		5A6662171BEB786A003FEC29 /* UserTableViewCell.m */ = {isa = PBXFileReference; fileEncoding = 4; lastKnownFileType = sourcecode.c.objc; path = UserTableViewCell.m; sourceTree = "<group>"; };
/* End PBXFileReference section */

/* Begin PBXFrameworksBuildPhase section */
		5A2A761A1BE9BA7F00C5FD2F /* Frameworks */ = {
			isa = PBXFrameworksBuildPhase;
			buildActionMask = 2147483647;
			files = (
			);
			runOnlyForDeploymentPostprocessing = 0;
		};
/* End PBXFrameworksBuildPhase section */

/* Begin PBXGroup section */
		5A2A76141BE9BA7E00C5FD2F = {
			isa = PBXGroup;
			children = (
				5A2A761F1BE9BA7F00C5FD2F /* ypp */,
				5A2A761E1BE9BA7F00C5FD2F /* Products */,
			);
			sourceTree = "<group>";
		};
		5A2A761E1BE9BA7F00C5FD2F /* Products */ = {
			isa = PBXGroup;
			children = (
				5A2A761D1BE9BA7F00C5FD2F /* ypp.app */,
			);
			name = Products;
			sourceTree = "<group>";
		};
		5A2A761F1BE9BA7F00C5FD2F /* ypp */ = {
			isa = PBXGroup;
			children = (
				5A2A76231BE9BA7F00C5FD2F /* AppDelegate.h */,
				5A2A76241BE9BA7F00C5FD2F /* AppDelegate.m */,
				5A2A76291BE9BA7F00C5FD2F /* Main.storyboard */,
				5A5C30F41BF048F30047A016 /* PrepareViewController.h */,
				5A5C30F51BF048F30047A016 /* PrepareViewController.m */,
				5A5C30F71BF059600047A016 /* LoginViewController.h */,
				5A5C30F81BF059600047A016 /* LoginViewController.m */,
				5A5C31031BF085F10047A016 /* ForgetPasswordViewController.h */,
				5A5C31041BF085F10047A016 /* ForgetPasswordViewController.m */,
				5A5C30FA1BF06F640047A016 /* Register1ViewController.h */,
				5A5C30FB1BF06F640047A016 /* Register1ViewController.m */,
				5A5C30FD1BF07AD90047A016 /* Register2ViewController.h */,
				5A5C30FE1BF07AD90047A016 /* Register2ViewController.m */,
				5A5C31001BF07FE60047A016 /* Register3ViewController.h */,
				5A5C31011BF07FE60047A016 /* Register3ViewController.m */,
				5A2A763A1BE9C1FA00C5FD2F /* MainTabBarController.h */,
				5A2A763B1BE9C1FA00C5FD2F /* MainTabBarController.m */,
				5A6662161BEB786A003FEC29 /* UserTableViewCell.h */,
				5A6662171BEB786A003FEC29 /* UserTableViewCell.m */,
				5A2A763D1BE9C53700C5FD2F /* ViewController1.h */,
				5A2A763E1BE9C53700C5FD2F /* ViewController1.m */,
				5A2A76401BE9D28400C5FD2F /* ViewController2.h */,
				5A2A76411BE9D28400C5FD2F /* ViewController2.m */,
				5A2A76431BE9D29000C5FD2F /* ViewController3.h */,
				5A2A76441BE9D29000C5FD2F /* ViewController3.m */,
				5A2A76461BE9D29A00C5FD2F /* ViewController4.h */,
				5A2A76471BE9D29A00C5FD2F /* ViewController4.m */,
				5A2A76491BE9D2A400C5FD2F /* ViewController5.h */,
				5A2A764A1BE9D2A400C5FD2F /* ViewController5.m */,
				5A6662131BEB45B9003FEC29 /* JYSlideSegmentController.h */,
				5A6662141BEB45B9003FEC29 /* JYSlideSegmentController.m */,
				5A2A762C1BE9BA7F00C5FD2F /* Assets.xcassets */,
				5A2A76311BE9BA7F00C5FD2F /* Info.plist */,
				5A2A76201BE9BA7F00C5FD2F /* Supporting Files */,
			);
			path = ypp;
			sourceTree = "<group>";
		};
		5A2A76201BE9BA7F00C5FD2F /* Supporting Files */ = {
			isa = PBXGroup;
			children = (
				5A2A76211BE9BA7F00C5FD2F /* main.m */,
				5A2A764C1BE9DD0C00C5FD2F /* ypp.pch */,
			);
			name = "Supporting Files";
			sourceTree = "<group>";
		};
/* End PBXGroup section */

/* Begin PBXNativeTarget section */
		5A2A761C1BE9BA7F00C5FD2F /* ypp */ = {
			isa = PBXNativeTarget;
			buildConfigurationList = 5A2A76341BE9BA7F00C5FD2F /* Build configuration list for PBXNativeTarget "ypp" */;
			buildPhases = (
				5A2A76191BE9BA7F00C5FD2F /* Sources */,
				5A2A761A1BE9BA7F00C5FD2F /* Frameworks */,
				5A2A761B1BE9BA7F00C5FD2F /* Resources */,
			);
			buildRules = (
			);
			dependencies = (
			);
			name = ypp;
			productName = ypp;
			productReference = 5A2A761D1BE9BA7F00C5FD2F /* ypp.app */;
			productType = "com.apple.product-type.application";
		};
/* End PBXNativeTarget section */

/* Begin PBXProject section */
		5A2A76151BE9BA7E00C5FD2F /* Project object */ = {
			isa = PBXProject;
			attributes = {
				LastUpgradeCheck = 0710;
				ORGANIZATIONNAME = weyida;
				TargetAttributes = {
					5A2A761C1BE9BA7F00C5FD2F = {
						CreatedOnToolsVersion = 7.1;
						DevelopmentTeam = ESX654RQGM;
					};
				};
			};
			buildConfigurationList = 5A2A76181BE9BA7F00C5FD2F /* Build configuration list for PBXProject "ypp" */;
			compatibilityVersion = "Xcode 3.2";
			developmentRegion = English;
			hasScannedForEncodings = 0;
			knownRegions = (
				en,
				Base,
			);
			mainGroup = 5A2A76141BE9BA7E00C5FD2F;
			productRefGroup = 5A2A761E1BE9BA7F00C5FD2F /* Products */;
			projectDirPath = "";
			projectRoot = "";
			targets = (
				5A2A761C1BE9BA7F00C5FD2F /* ypp */,
			);
		};
/* End PBXProject section */

/* Begin PBXResourcesBuildPhase section */
		5A2A761B1BE9BA7F00C5FD2F /* Resources */ = {
			isa = PBXResourcesBuildPhase;
			buildActionMask = 2147483647;
			files = (
				5A2A762D1BE9BA7F00C5FD2F /* Assets.xcassets in Resources */,
				5A2A762B1BE9BA7F00C5FD2F /* Main.storyboard in Resources */,
			);
			runOnlyForDeploymentPostprocessing = 0;
		};
/* End PBXResourcesBuildPhase section */

/* Begin PBXSourcesBuildPhase section */
		5A2A76191BE9BA7F00C5FD2F /* Sources */ = {
			isa = PBXSourcesBuildPhase;
			buildActionMask = 2147483647;
			files = (
				5A2A763F1BE9C53700C5FD2F /* ViewController1.m in Sources */,
				5A5C30F61BF048F30047A016 /* PrepareViewController.m in Sources */,
				5A5C31051BF085F10047A016 /* ForgetPasswordViewController.m in Sources */,
				5A2A76251BE9BA7F00C5FD2F /* AppDelegate.m in Sources */,
				5A6662181BEB786A003FEC29 /* UserTableViewCell.m in Sources */,
				5A5C30FC1BF06F640047A016 /* Register1ViewController.m in Sources */,
				5A2A763C1BE9C1FA00C5FD2F /* MainTabBarController.m in Sources */,
				5A6662151BEB45B9003FEC29 /* JYSlideSegmentController.m in Sources */,
				5A2A76221BE9BA7F00C5FD2F /* main.m in Sources */,
				5A2A764B1BE9D2A400C5FD2F /* ViewController5.m in Sources */,
				5A5C30F91BF059600047A016 /* LoginViewController.m in Sources */,
				5A2A76421BE9D28400C5FD2F /* ViewController2.m in Sources */,
				5A2A76451BE9D29000C5FD2F /* ViewController3.m in Sources */,
				5A5C31021BF07FE60047A016 /* Register3ViewController.m in Sources */,
				5A5C30FF1BF07AD90047A016 /* Register2ViewController.m in Sources */,
				5A2A76481BE9D29A00C5FD2F /* ViewController4.m in Sources */,
			);
			runOnlyForDeploymentPostprocessing = 0;
		};
/* End PBXSourcesBuildPhase section */

/* Begin PBXVariantGroup section */
		5A2A76291BE9BA7F00C5FD2F /* Main.storyboard */ = {
			isa = PBXVariantGroup;
			children = (
				5A2A762A1BE9BA7F00C5FD2F /* Base */,
			);
			name = Main.storyboard;
			sourceTree = "<group>";
		};
/* End PBXVariantGroup section */

/* Begin XCBuildConfiguration section */
		5A2A76321BE9BA7F00C5FD2F /* Debug */ = {
			isa = XCBuildConfiguration;
			buildSettings = {
				ALWAYS_SEARCH_USER_PATHS = NO;
				CLANG_CXX_LANGUAGE_STANDARD = "gnu++0x";
				CLANG_CXX_LIBRARY = "libc++";
				CLANG_ENABLE_MODULES = YES;
				CLANG_ENABLE_OBJC_ARC = YES;
				CLANG_WARN_BOOL_CONVERSION = YES;
				CLANG_WARN_CONSTANT_CONVERSION = YES;
				CLANG_WARN_DIRECT_OBJC_ISA_USAGE = YES_ERROR;
				CLANG_WARN_EMPTY_BODY = YES;
				CLANG_WARN_ENUM_CONVERSION = YES;
				CLANG_WARN_INT_CONVERSION = YES;
				CLANG_WARN_OBJC_ROOT_CLASS = YES_ERROR;
				CLANG_WARN_UNREACHABLE_CODE = YES;
				CLANG_WARN__DUPLICATE_METHOD_MATCH = YES;
				"CODE_SIGN_IDENTITY[sdk=iphoneos*]" = "iPhone Developer";
				COPY_PHASE_STRIP = NO;
				DEBUG_INFORMATION_FORMAT = dwarf;
				ENABLE_STRICT_OBJC_MSGSEND = YES;
				ENABLE_TESTABILITY = YES;
				GCC_C_LANGUAGE_STANDARD = gnu99;
				GCC_DYNAMIC_NO_PIC = NO;
				GCC_NO_COMMON_BLOCKS = YES;
				GCC_OPTIMIZATION_LEVEL = 0;
				GCC_PREPROCESSOR_DEFINITIONS = (
					"DEBUG=1",
					"$(inherited)",
				);
				GCC_WARN_64_TO_32_BIT_CONVERSION = YES;
				GCC_WARN_ABOUT_RETURN_TYPE = YES_ERROR;
				GCC_WARN_UNDECLARED_SELECTOR = YES;
				GCC_WARN_UNINITIALIZED_AUTOS = YES_AGGRESSIVE;
				GCC_WARN_UNUSED_FUNCTION = YES;
				GCC_WARN_UNUSED_VARIABLE = YES;
				IPHONEOS_DEPLOYMENT_TARGET = 9.1;
				MTL_ENABLE_DEBUG_INFO = YES;
				ONLY_ACTIVE_ARCH = YES;
				SDKROOT = iphoneos;
			};
			name = Debug;
		};
		5A2A76331BE9BA7F00C5FD2F /* Release */ = {
			isa = XCBuildConfiguration;
			buildSettings = {
				ALWAYS_SEARCH_USER_PATHS = NO;
				CLANG_CXX_LANGUAGE_STANDARD = "gnu++0x";
				CLANG_CXX_LIBRARY = "libc++";
				CLANG_ENABLE_MODULES = YES;
				CLANG_ENABLE_OBJC_ARC = YES;
				CLANG_WARN_BOOL_CONVERSION = YES;
				CLANG_WARN_CONSTANT_CONVERSION = YES;
				CLANG_WARN_DIRECT_OBJC_ISA_USAGE = YES_ERROR;
				CLANG_WARN_EMPTY_BODY = YES;
				CLANG_WARN_ENUM_CONVERSION = YES;
				CLANG_WARN_INT_CONVERSION = YES;
				CLANG_WARN_OBJC_ROOT_CLASS = YES_ERROR;
				CLANG_WARN_UNREACHABLE_CODE = YES;
				CLANG_WARN__DUPLICATE_METHOD_MATCH = YES;
				"CODE_SIGN_IDENTITY[sdk=iphoneos*]" = "iPhone Developer";
				COPY_PHASE_STRIP = NO;
				DEBUG_INFORMATION_FORMAT = "dwarf-with-dsym";
				ENABLE_NS_ASSERTIONS = NO;
				ENABLE_STRICT_OBJC_MSGSEND = YES;
				GCC_C_LANGUAGE_STANDARD = gnu99;
				GCC_NO_COMMON_BLOCKS = YES;
				GCC_WARN_64_TO_32_BIT_CONVERSION = YES;
				GCC_WARN_ABOUT_RETURN_TYPE = YES_ERROR;
				GCC_WARN_UNDECLARED_SELECTOR = YES;
				GCC_WARN_UNINITIALIZED_AUTOS = YES_AGGRESSIVE;
				GCC_WARN_UNUSED_FUNCTION = YES;
				GCC_WARN_UNUSED_VARIABLE = YES;
				IPHONEOS_DEPLOYMENT_TARGET = 9.1;
				MTL_ENABLE_DEBUG_INFO = NO;
				SDKROOT = iphoneos;
				VALIDATE_PRODUCT = YES;
			};
			name = Release;
		};
		5A2A76351BE9BA7F00C5FD2F /* Debug */ = {
			isa = XCBuildConfiguration;
			buildSettings = {
				ASSETCATALOG_COMPILER_APPICON_NAME = AppIcon;
				ASSETCATALOG_COMPILER_LAUNCHIMAGE_NAME = LaunchImage;
				GCC_PREFIX_HEADER = ypp/ypp.pch;
				INFOPLIST_FILE = ypp/Info.plist;
				IPHONEOS_DEPLOYMENT_TARGET = 8.0;
				LD_RUNPATH_SEARCH_PATHS = "$(inherited) @executable_path/Frameworks";
				PRODUCT_BUNDLE_IDENTIFIER = weyida.ypp;
				PRODUCT_NAME = "$(TARGET_NAME)";
			};
			name = Debug;
		};
		5A2A76361BE9BA7F00C5FD2F /* Release */ = {
			isa = XCBuildConfiguration;
			buildSettings = {
				ASSETCATALOG_COMPILER_APPICON_NAME = AppIcon;
				ASSETCATALOG_COMPILER_LAUNCHIMAGE_NAME = LaunchImage;
				GCC_PREFIX_HEADER = ypp/ypp.pch;
				INFOPLIST_FILE = ypp/Info.plist;
				IPHONEOS_DEPLOYMENT_TARGET = 8.0;
				LD_RUNPATH_SEARCH_PATHS = "$(inherited) @executable_path/Frameworks";
				PRODUCT_BUNDLE_IDENTIFIER = weyida.ypp;
				PRODUCT_NAME = "$(TARGET_NAME)";
			};
			name = Release;
		};
/* End XCBuildConfiguration section */

/* Begin XCConfigurationList section */
		5A2A76181BE9BA7F00C5FD2F /* Build configuration list for PBXProject "ypp" */ = {
			isa = XCConfigurationList;
			buildConfigurations = (
				5A2A76321BE9BA7F00C5FD2F /* Debug */,
				5A2A76331BE9BA7F00C5FD2F /* Release */,
			);
			defaultConfigurationIsVisible = 0;
			defaultConfigurationName = Release;
		};
		5A2A76341BE9BA7F00C5FD2F /* Build configuration list for PBXNativeTarget "ypp" */ = {
			isa = XCConfigurationList;
			buildConfigurations = (
				5A2A76351BE9BA7F00C5FD2F /* Debug */,
				5A2A76361BE9BA7F00C5FD2F /* Release */,
			);
			defaultConfigurationIsVisible = 0;
			defaultConfigurationName = Release;
		};
/* End XCConfigurationList section */
	};
	rootObject = 5A2A76151BE9BA7E00C5FD2F /* Project object */;
}
